// !$*UTF8*$!
{
	archiveVersion = 1;
	classes = {
	};
	objectVersion = 77;
	objects = {

/* Begin PBXBuildFile section */
		00A8F3AF0335A763CABB29B2 /* RootView.swift in Sources */ = {isa = PBXBuildFile; fileRef = 4DC8348A94F64846D6389F14 /* RootView.swift */; };
		00A96ACC913F667FD553AC6A /* SyncApply.swift in Sources */ = {isa = PBXBuildFile; fileRef = D635D3C66205FA4089E40FF3 /* SyncApply.swift */; };
		015458CD49918309F410CBAF /* OutboxMigration.swift in Sources */ = {isa = PBXBuildFile; fileRef = 99345A8328BECF736129DE7F /* OutboxMigration.swift */; };
		01CC7E812F03C9F7D9E6E79F /* BalanceReminderScheduler.swift in Sources */ = {isa = PBXBuildFile; fileRef = 56BD1170276112E0659274B6 /* BalanceReminderScheduler.swift */; };
		04741E76C3B64E75E8EE741F /* KeepoApp.swift in Sources */ = {isa = PBXBuildFile; fileRef = 884043304F66BADDBBBE1E13 /* KeepoApp.swift */; };
		07757F6F5323860A58AB2EF0 /* HomeView.swift in Sources */ = {isa = PBXBuildFile; fileRef = 06737C4FC884994C69283C0A /* HomeView.swift */; };
		1258AEE2BE84DBE4A3238432 /* AppSettings.swift in Sources */ = {isa = PBXBuildFile; fileRef = C4ADFA49D22C598E055F5FB9 /* AppSettings.swift */; };
		1AC5044D2005A53BA40B40DD /* RecurringRuleFormView.swift in Sources */ = {isa = PBXBuildFile; fileRef = 010F6BE2EDE4A87D2634D6FE /* RecurringRuleFormView.swift */; };
		1EC09254E0001743EC8EDD97 /* MapCardSheet.swift in Sources */ = {isa = PBXBuildFile; fileRef = 38EB62A43407D0B23B657726 /* MapCardSheet.swift */; };
		203E3DE0C583D51FFA3CC973 /* LocalMoneyConversion.swift in Sources */ = {isa = PBXBuildFile; fileRef = A9BE688265BE8E6EB9C7C6BF /* LocalMoneyConversion.swift */; };
		21D7B4F8764655E5F17DFD75 /* OfflineInfoSheet.swift in Sources */ = {isa = PBXBuildFile; fileRef = DE615004EB22E1F564BAEEC8 /* OfflineInfoSheet.swift */; };
		23E7D1393EAD719BE66438BF /* AccountFormView.swift in Sources */ = {isa = PBXBuildFile; fileRef = 6234223F609F295F8F13BDED /* AccountFormView.swift */; };
		2BEA2658AA22E03CB9ACAE5A /* LocalTransactionRow.swift in Sources */ = {isa = PBXBuildFile; fileRef = 4164124106D1FC427294CD27 /* LocalTransactionRow.swift */; };
		2F75A6443C5BBCB8CA99DED5 /* Outbox+Cards.swift in Sources */ = {isa = PBXBuildFile; fileRef = E77C50795C5EE7B77F6AD5DE /* Outbox+Cards.swift */; };
		303F4C318CFC27290CD85D25 /* PrivacyToggleButton.swift in Sources */ = {isa = PBXBuildFile; fileRef = 2CD74535C9BAD0B3D22700F1 /* PrivacyToggleButton.swift */; };
		313FC5BD846C0415D62084A2 /* ConflictDetailSheet+Loading.swift in Sources */ = {isa = PBXBuildFile; fileRef = EB21306F71BA4693E4676718 /* ConflictDetailSheet+Loading.swift */; };
		3233B01CD185C2B402C691F8 /* MetricKitSubscriber.swift in Sources */ = {isa = PBXBuildFile; fileRef = 0A3FA3E05923A1E586BEE2BA /* MetricKitSubscriber.swift */; };
		32384D1C333E36EFC326C01E /* WalletAutomationGuideView.swift in Sources */ = {isa = PBXBuildFile; fileRef = CDA9FDB15C2C5D6B5B18466D /* WalletAutomationGuideView.swift */; };
		35FBFA6ED12189BE76D60F92 /* TransactionsListView+Loading.swift in Sources */ = {isa = PBXBuildFile; fileRef = 8E0C66C1771B2C113D912E35 /* TransactionsListView+Loading.swift */; };
		3A9AACA2AC8D02F3ED6645C3 /* OutboxLocalWriteTests.swift in Sources */ = {isa = PBXBuildFile; fileRef = 10A3C001E043B35FE6CF03CC /* OutboxLocalWriteTests.swift */; };
		3B8833557F7FB6D149C50955 /* LiveOutboxSender.swift in Sources */ = {isa = PBXBuildFile; fileRef = CBFD2591FA160113DE1732DE /* LiveOutboxSender.swift */; };
		3ECB038FFEE93D5A2897E950 /* OutboxLocalWrite.swift in Sources */ = {isa = PBXBuildFile; fileRef = 13730E415ACEB27F1646E3CE /* OutboxLocalWrite.swift */; };
		3F28EF46A43EE7AF81CD656B /* CategoryIconView.swift in Sources */ = {isa = PBXBuildFile; fileRef = A78A0F12025B9E97E5A5B859 /* CategoryIconView.swift */; };
		4184AA431DA561F69AE2C593 /* CategoriesView.swift in Sources */ = {isa = PBXBuildFile; fileRef = 037CD275DF695BA082E13AE5 /* CategoriesView.swift */; };
		4396DE29BCBD5EA251338E5E /* CategoryLocalWrite.swift in Sources */ = {isa = PBXBuildFile; fileRef = ED9921C3A12ACEF10F463E95 /* CategoryLocalWrite.swift */; };
		45123E973A54142DB5AD78C9 /* ExportView.swift in Sources */ = {isa = PBXBuildFile; fileRef = 8EEF4B309BD81A9566743401 /* ExportView.swift */; };
		475B1C8ADEBEC90129CDBB89 /* CategoryFormView.swift in Sources */ = {isa = PBXBuildFile; fileRef = 735529C00019B4CABBA21C30 /* CategoryFormView.swift */; };
		4917BE825C6565670031AF5F /* LocalMoneyConversionBudget.swift in Sources */ = {isa = PBXBuildFile; fileRef = E3EF5DAED2EACFF58805C874 /* LocalMoneyConversionBudget.swift */; };
		4A9BA5608EA3BB156B3E71AE /* OfflineStatusBar.swift in Sources */ = {isa = PBXBuildFile; fileRef = 2D0DC0C876E0AE5447A36475 /* OfflineStatusBar.swift */; };
		4C27DB33415AF4D03D91EEE8 /* KeepoTests.swift in Sources */ = {isa = PBXBuildFile; fileRef = 8BD07F8E4322452DD34E6A1C /* KeepoTests.swift */; };
		4D9150EB4ECF8A74B015DCD5 /* GRDB in Frameworks */ = {isa = PBXBuildFile; productRef = 0D525863FB5ABAE4C22CDAE5 /* GRDB */; };
		503974F3E8B7F0D828A0C6CA /* RefreshCoordinator.swift in Sources */ = {isa = PBXBuildFile; fileRef = 333AEF1387D80D7D4ECFD033 /* RefreshCoordinator.swift */; };
		5A2180249656BC92A8318CC6 /* Outbox.swift in Sources */ = {isa = PBXBuildFile; fileRef = 0A97072C145C825A7BC117C5 /* Outbox.swift */; };
		5B6A59AAF63449FAEBC3CF35 /* LocalStore+SchemaMigration.swift in Sources */ = {isa = PBXBuildFile; fileRef = F11055A448FD60F76A166290 /* LocalStore+SchemaMigration.swift */; };
		6105E1260E91CD154666CAB5 /* AccountFormView+Cards.swift in Sources */ = {isa = PBXBuildFile; fileRef = 0F6B48175179606B884053E1 /* AccountFormView+Cards.swift */; };
		64470F7C4235974F4A802F12 /* OutboxLocalWrite+Cards.swift in Sources */ = {isa = PBXBuildFile; fileRef = FA254D2AA993C35885CF6D23 /* OutboxLocalWrite+Cards.swift */; };
		649260AB466D73CF5F1EB347 /* Outbox+Capture.swift in Sources */ = {isa = PBXBuildFile; fileRef = 2AE126A60515A777C07E6E8E /* Outbox+Capture.swift */; };
		6A667687CB7EC9234BAAE2E6 /* BalanceHeaderView.swift in Sources */ = {isa = PBXBuildFile; fileRef = 3680339542A1E05C2216A883 /* BalanceHeaderView.swift */; };
		6CA56B7DC8225BC3674E48C8 /* ProfileView.swift in Sources */ = {isa = PBXBuildFile; fileRef = 2C2A67AC30C1C63B214F69A1 /* ProfileView.swift */; };
		6D136EF3E95EB5BD256F22C7 /* KeepoUITests.swift in Sources */ = {isa = PBXBuildFile; fileRef = 7BA14030637CFFD08A547224 /* KeepoUITests.swift */; };
		71B3793D62B3873E559E84B3 /* LocalTableQueries.swift in Sources */ = {isa = PBXBuildFile; fileRef = 8F54724997986A0ED81DEF3B /* LocalTableQueries.swift */; };
		720AA92A68E578F823FA5F4D /* NeedsReviewView.swift in Sources */ = {isa = PBXBuildFile; fileRef = 66A0AEC925B7A3FF79E7F977 /* NeedsReviewView.swift */; };
		795E10B3A734DE453CAE50DE /* TransactionFormView+Transfer.swift in Sources */ = {isa = PBXBuildFile; fileRef = 4AD65DF3C6006ED1FDF192FF /* TransactionFormView+Transfer.swift */; };
		7B5828DB0F36A3D6B2ED4DEB /* ConflictResolution.swift in Sources */ = {isa = PBXBuildFile; fileRef = 1D55AC5A489A7549317ADB19 /* ConflictResolution.swift */; };
		7C5F40F75BBB39A3364D07AD /* DataPrivacyView.swift in Sources */ = {isa = PBXBuildFile; fileRef = A27663EBB8FB0BA605B81BDE /* DataPrivacyView.swift */; };
		7D30C1E73CAD87BAF1224099 /* AccountLocalWrite.swift in Sources */ = {isa = PBXBuildFile; fileRef = 898182E4776D77AF168F541B /* AccountLocalWrite.swift */; };
		7DCDB64122A2891105C7C10F /* OTPSignInView.swift in Sources */ = {isa = PBXBuildFile; fileRef = 864D74AE697E673562039C23 /* OTPSignInView.swift */; };
		7DD08FCA4FF3B91194F3AFB3 /* BudgetsView.swift in Sources */ = {isa = PBXBuildFile; fileRef = C4437A523DE24A64B83A5D54 /* BudgetsView.swift */; };
		81727031FB03BFD0EC3CC42D /* OfflineStore.swift in Sources */ = {isa = PBXBuildFile; fileRef = D05E8A22B7751E78E33EBC02 /* OfflineStore.swift */; };
		81C18CDDD1C078398AC45EE8 /* TransactionsListView+Period.swift in Sources */ = {isa = PBXBuildFile; fileRef = C00320C6876E1B14C807E478 /* TransactionsListView+Period.swift */; };
		826E1EAAC66ED6E48DA2840E /* Assets.xcassets in Resources */ = {isa = PBXBuildFile; fileRef = 11F9FF9F9234C2EFC83BBD8B /* Assets.xcassets */; };
		8418D67FD7BAB31C6629EE5B /* TransactionFormView+Delete.swift in Sources */ = {isa = PBXBuildFile; fileRef = 3F7302E5237413BF6107E4CE /* TransactionFormView+Delete.swift */; };
		85B1EC2B4B07AC6786D23109 /* KeepoCore in Frameworks */ = {isa = PBXBuildFile; productRef = 55A520844CB1127366801CB8 /* KeepoCore */; };
		8C19ADA540858E61760E4FE7 /* BudgetFormView.swift in Sources */ = {isa = PBXBuildFile; fileRef = 05EF478F9C03D81B6E0CCFB1 /* BudgetFormView.swift */; };
		910929EACA4D7E2B7840D626 /* ArchiveAccountsView.swift in Sources */ = {isa = PBXBuildFile; fileRef = D26D5FDEC899FFE8FBF9699D /* ArchiveAccountsView.swift */; };
		916606BE115D52894CF13E4A /* Outbox+AccountsCategories.swift in Sources */ = {isa = PBXBuildFile; fileRef = CF23EF5C13D50D95393B5ABF /* Outbox+AccountsCategories.swift */; };
		9330F41C8C3EC71EEC94610F /* AutomationsView.swift in Sources */ = {isa = PBXBuildFile; fileRef = 68C5239FB8E94D256E60F0EF /* AutomationsView.swift */; };
		94E300A07A178B1A2876CF5A /* SimulateCaptureView.swift in Sources */ = {isa = PBXBuildFile; fileRef = D105BF3ECCEFDC84E629D824 /* SimulateCaptureView.swift */; };
		989AC18F0909238D156D83B1 /* NetworkMonitor.swift in Sources */ = {isa = PBXBuildFile; fileRef = 362334366778871A75100AB1 /* NetworkMonitor.swift */; };
		9912029F3BA033365E943695 /* GRDB in Frameworks */ = {isa = PBXBuildFile; productRef = 6CF67C6B40F5CAB317C7F6FC /* GRDB */; };
		A38417E3409C44AC9E74975E /* OutboxTests.swift in Sources */ = {isa = PBXBuildFile; fileRef = 5A43338D7EE342E9D02ACC23 /* OutboxTests.swift */; };
		A5FFBD48BD9FE9D8281754EE /* AccountsListView.swift in Sources */ = {isa = PBXBuildFile; fileRef = 02A0D5880530458F27A93E14 /* AccountsListView.swift */; };
		A6774885935170E1206B4D19 /* HouseholdViewLoader.swift in Sources */ = {isa = PBXBuildFile; fileRef = 136D79B8A96DF200ACDE60BA /* HouseholdViewLoader.swift */; };
		A84A63EA9F34755A0DFB9067 /* ColorHex.swift in Sources */ = {isa = PBXBuildFile; fileRef = 6E416B10D5153DF1638B0ED9 /* ColorHex.swift */; };
		A90857943ADABEFB25B44996 /* SyncEngine.swift in Sources */ = {isa = PBXBuildFile; fileRef = A9EB6980116C8080A7ADF85D /* SyncEngine.swift */; };
		AD9ECBCDD919F4BB10E4245D /* ConflictDetailSheet.swift in Sources */ = {isa = PBXBuildFile; fileRef = BBAFFDD646D531BB369E684A /* ConflictDetailSheet.swift */; };
		B1428E9A36AA3EC93E48566F /* CaptureLocalWrite.swift in Sources */ = {isa = PBXBuildFile; fileRef = 2F44CF7DBC59CC3E0D698B4D /* CaptureLocalWrite.swift */; };
		B3D55B77F4EB1B1F699789EB /* UUID+Identifiable.swift in Sources */ = {isa = PBXBuildFile; fileRef = D2EFC21F0C8C59B19FFD185A /* UUID+Identifiable.swift */; };
		B54F02C80D3D973B33154960 /* HouseholdView.swift in Sources */ = {isa = PBXBuildFile; fileRef = 8D5BCEA514344BDBF220342E /* HouseholdView.swift */; };
		B58F7AE0F4E46F77167F4677 /* NotificationRouter.swift in Sources */ = {isa = PBXBuildFile; fileRef = E62BF27F1E0B2358AEA3A07C /* NotificationRouter.swift */; };
		B627DB442B79800AE401940B /* LocalAccountRow.swift in Sources */ = {isa = PBXBuildFile; fileRef = E7AC3C81304BFE67EEFD8611 /* LocalAccountRow.swift */; };
		B7A28835CF97300D93A8A733 /* LocalMoneyTypes.swift in Sources */ = {isa = PBXBuildFile; fileRef = 2EEDC16F840D1D52F4F06892 /* LocalMoneyTypes.swift */; };
		B95EF6554B1C4939A18561C3 /* NetWorthDetailView.swift in Sources */ = {isa = PBXBuildFile; fileRef = EA049CBC27DE13AAA36A637E /* NetWorthDetailView.swift */; };
		BBE92DC63297AE6FDD9EAE9F /* CardMappingLocalWriteTests.swift in Sources */ = {isa = PBXBuildFile; fileRef = 5C2A3D881245B0A0B054AFA7 /* CardMappingLocalWriteTests.swift */; };
		BE4065A6413D625D4C960DC1 /* LocalAccountRowTests.swift in Sources */ = {isa = PBXBuildFile; fileRef = 38B6CBC83F5E74A9BDA5DCA7 /* LocalAccountRowTests.swift */; };
		C161DFD748D70B4AB3D02EEB /* AccountGroupDetailView.swift in Sources */ = {isa = PBXBuildFile; fileRef = E411123808C435E6B54C1F93 /* AccountGroupDetailView.swift */; };
		C2B619C3EC87A5847A00EAE4 /* SyncCursorStore.swift in Sources */ = {isa = PBXBuildFile; fileRef = 9FD9B0EBCF053E1B3E86E65C /* SyncCursorStore.swift */; };
		C31584818223B578BF4B42FD /* NetWorthChartView.swift in Sources */ = {isa = PBXBuildFile; fileRef = 8F2FC3C71C9E5CC965BC8F3F /* NetWorthChartView.swift */; };
		C886AE5DBD13E41BFE14BA54 /* CSVImportView.swift in Sources */ = {isa = PBXBuildFile; fileRef = 5B5DA16A17CDFBEC3DCF6BDB /* CSVImportView.swift */; };
		C95EADE3438BF04F99EBE006 /* PreferencesView.swift in Sources */ = {isa = PBXBuildFile; fileRef = CEE6F0FB1B3DF6715A2BF817 /* PreferencesView.swift */; };
		CA271C456719F30FF84B8FF5 /* CaptureIntent.swift in Sources */ = {isa = PBXBuildFile; fileRef = EDED98D97ACE3A89820BBD09 /* CaptureIntent.swift */; };
		CA42FD39D7ED2C1AA7DDD329 /* TransferDivergenceAlert.swift in Sources */ = {isa = PBXBuildFile; fileRef = B88C7E86C0F680D0F63F4135 /* TransferDivergenceAlert.swift */; };
		CBA1F8EB27B25B3AE8413965 /* LocalMoneyConversionArchivedAccountTests.swift in Sources */ = {isa = PBXBuildFile; fileRef = A5D45833432D943398CC902D /* LocalMoneyConversionArchivedAccountTests.swift */; };
		CBDD7CC0182214986F8DE756 /* SecuritySettingsView.swift in Sources */ = {isa = PBXBuildFile; fileRef = B2A2FE5321B9AA09B7118722 /* SecuritySettingsView.swift */; };
		CDEAFC8D83E97D3B04E20CFD /* LocalStoreTests.swift in Sources */ = {isa = PBXBuildFile; fileRef = C5BD94CF1F85351099DDBE77 /* LocalStoreTests.swift */; };
		D1A22957D9168F2FB74BBEA7 /* AppDelegate.swift in Sources */ = {isa = PBXBuildFile; fileRef = 0C51BAEA2B58FB280672BF8C /* AppDelegate.swift */; };
		D2249999B755B75AF3BA291E /* LocalMoneyQueries.swift in Sources */ = {isa = PBXBuildFile; fileRef = B3600B8733D14B431A8E3067 /* LocalMoneyQueries.swift */; };
		D5BF43435891F0747B331635 /* LocalStore.swift in Sources */ = {isa = PBXBuildFile; fileRef = 1F7E462D55BFB72F55965EFE /* LocalStore.swift */; };
		D60DD08A0A2DD8446CA993CD /* SettingsView.swift in Sources */ = {isa = PBXBuildFile; fileRef = 8871465199EB566D42ACEC52 /* SettingsView.swift */; };
		D870CF193CABA5CA3A2B649C /* OnboardingView.swift in Sources */ = {isa = PBXBuildFile; fileRef = 768F4CDF0632B8A323F51BF1 /* OnboardingView.swift */; };
		D89DE5A5161CEB8D44029020 /* LocalMoneyRefereeTests.swift in Sources */ = {isa = PBXBuildFile; fileRef = 2022ED7EAFC392568FE06C52 /* LocalMoneyRefereeTests.swift */; };
		D9287EC318089E6B6250F08D /* SessionStore.swift in Sources */ = {isa = PBXBuildFile; fileRef = EE77801FEDF30EF5EC63D7C9 /* SessionStore.swift */; };
		D9750A15598B879A64FC77D1 /* Outbox+CaptureRecovery.swift in Sources */ = {isa = PBXBuildFile; fileRef = 35BD2F32122628E1B36921FA /* Outbox+CaptureRecovery.swift */; };
		DBCAC1E6D689B0CC49AFA160 /* MappedCardsView.swift in Sources */ = {isa = PBXBuildFile; fileRef = D8392FEE866EC93F965E2501 /* MappedCardsView.swift */; };
		E05103A6759B5B212308F736 /* ScopeSwitcherButton.swift in Sources */ = {isa = PBXBuildFile; fileRef = 2214EBA81A427AD5FC7EE5B5 /* ScopeSwitcherButton.swift */; };
		E08BF0F46CB847CE79E85D6E /* NotificationSettingsView.swift in Sources */ = {isa = PBXBuildFile; fileRef = E430CAB6976F8BB2B64C7D1A /* NotificationSettingsView.swift */; };
		E26E4926F9FD4EA7EB2A17E8 /* CardMappingDetailSheet.swift in Sources */ = {isa = PBXBuildFile; fileRef = 3CAAB71ED4F3AA3764B428BB /* CardMappingDetailSheet.swift */; };
		E3E9C407E2DE673A929AA6EE /* OutboxKind.swift in Sources */ = {isa = PBXBuildFile; fileRef = 980DDA3E769ECAE135ECF895 /* OutboxKind.swift */; };
		E43BEBD85BAD11CDD781A200 /* CategoryLocalWriteTests.swift in Sources */ = {isa = PBXBuildFile; fileRef = 36CB714B7454C4FB8AEB03C4 /* CategoryLocalWriteTests.swift */; };
		E4AE632568A815AAFE48026F /* TransactionsListView.swift in Sources */ = {isa = PBXBuildFile; fileRef = 192A9246EB85747C42D7E97D /* TransactionsListView.swift */; };
		E66057E7D6C97B7B9301BB1E /* LocalMoneyRefereeFixture.swift in Sources */ = {isa = PBXBuildFile; fileRef = 472675CD5ADE433AA4B8E336 /* LocalMoneyRefereeFixture.swift */; };
		E6D1468DE51E2DA7DD7B71CA /* TransactionRow.swift in Sources */ = {isa = PBXBuildFile; fileRef = 8C335B228DAD2B9C1F3DD183 /* TransactionRow.swift */; };
		E923E0F08CF810D2921A687A /* OutboxMigrationTests.swift in Sources */ = {isa = PBXBuildFile; fileRef = B8E38E1BEBD69551349E9D4E /* OutboxMigrationTests.swift */; };
		E9B90B45B2064ED05EA757BE /* CurrencyConversionLabel.swift in Sources */ = {isa = PBXBuildFile; fileRef = E9EFFACF34C66AE4CCA5245E /* CurrencyConversionLabel.swift */; };
		E9C9D4B3DF078A1CC161900E /* LocalTableQueriesTests.swift in Sources */ = {isa = PBXBuildFile; fileRef = F3D1996C00A3B200872FFDA8 /* LocalTableQueriesTests.swift */; };
		EA430EC5D2F03C8C3197B7D0 /* OfflineStoreTests.swift in Sources */ = {isa = PBXBuildFile; fileRef = B74F9A6C1456B3EC4ED7C6C1 /* OfflineStoreTests.swift */; };
		ED0C39EA3E52A60BC689B4EA /* OutboxPayloads.swift in Sources */ = {isa = PBXBuildFile; fileRef = 0ABA32C5D1B5DFF5297CA7CC /* OutboxPayloads.swift */; };
		F3CCB559F93565682DBAE498 /* TransactionFormView.swift in Sources */ = {isa = PBXBuildFile; fileRef = 223C215A93C8B4A390E17F34 /* TransactionFormView.swift */; };
		F4D8709FFC8E2B106B600182 /* RecurringRulesView.swift in Sources */ = {isa = PBXBuildFile; fileRef = E6A741E7644D1745889C5114 /* RecurringRulesView.swift */; };
		F621BD7F9360149A762CDA34 /* SyncEngineTests.swift in Sources */ = {isa = PBXBuildFile; fileRef = 9F1EE0D361A84BD4A2D11460 /* SyncEngineTests.swift */; };
		F7133C4614BF0DCF5ED29E07 /* LocalStoreMigrationTests.swift in Sources */ = {isa = PBXBuildFile; fileRef = 330A1DB56C7CE8B1BC25180E /* LocalStoreMigrationTests.swift */; };
		FAB07834FBBFD8A76C96E47B /* LocalTransactionRowTests.swift in Sources */ = {isa = PBXBuildFile; fileRef = 4DD4484E755728FA2992E894 /* LocalTransactionRowTests.swift */; };
/* End PBXBuildFile section */

/* Begin PBXContainerItemProxy section */
		0AE63279D9A5001A558D6502 /* PBXContainerItemProxy */ = {
			isa = PBXContainerItemProxy;
			containerPortal = 80DD05CAC2B13911A7A230B6 /* Project object */;
			proxyType = 1;
			remoteGlobalIDString = 6EFE059FF7E365DABE8FEEA5;
			remoteInfo = Keepo;
		};
		2671B183AD3C01758DC586CC /* PBXContainerItemProxy */ = {
			isa = PBXContainerItemProxy;
			containerPortal = 80DD05CAC2B13911A7A230B6 /* Project object */;
			proxyType = 1;
			remoteGlobalIDString = 6EFE059FF7E365DABE8FEEA5;
			remoteInfo = Keepo;
		};
/* End PBXContainerItemProxy section */

/* Begin PBXFileReference section */
		010F6BE2EDE4A87D2634D6FE /* RecurringRuleFormView.swift */ = {isa = PBXFileReference; lastKnownFileType = sourcecode.swift; path = RecurringRuleFormView.swift; sourceTree = "<group>"; };
		02A0D5880530458F27A93E14 /* AccountsListView.swift */ = {isa = PBXFileReference; lastKnownFileType = sourcecode.swift; path = AccountsListView.swift; sourceTree = "<group>"; };
		037CD275DF695BA082E13AE5 /* CategoriesView.swift */ = {isa = PBXFileReference; lastKnownFileType = sourcecode.swift; path = CategoriesView.swift; sourceTree = "<group>"; };
		05EF478F9C03D81B6E0CCFB1 /* BudgetFormView.swift */ = {isa = PBXFileReference; lastKnownFileType = sourcecode.swift; path = BudgetFormView.swift; sourceTree = "<group>"; };
		06737C4FC884994C69283C0A /* HomeView.swift */ = {isa = PBXFileReference; lastKnownFileType = sourcecode.swift; path = HomeView.swift; sourceTree = "<group>"; };
		07039596342F80EA227C6AFD /* Info.plist */ = {isa = PBXFileReference; lastKnownFileType = text.plist; path = Info.plist; sourceTree = "<group>"; };
		0A3FA3E05923A1E586BEE2BA /* MetricKitSubscriber.swift */ = {isa = PBXFileReference; lastKnownFileType = sourcecode.swift; path = MetricKitSubscriber.swift; sourceTree = "<group>"; };
		0A97072C145C825A7BC117C5 /* Outbox.swift */ = {isa = PBXFileReference; lastKnownFileType = sourcecode.swift; path = Outbox.swift; sourceTree = "<group>"; };
		0ABA32C5D1B5DFF5297CA7CC /* OutboxPayloads.swift */ = {isa = PBXFileReference; lastKnownFileType = sourcecode.swift; path = OutboxPayloads.swift; sourceTree = "<group>"; };
		0C51BAEA2B58FB280672BF8C /* AppDelegate.swift */ = {isa = PBXFileReference; lastKnownFileType = sourcecode.swift; path = AppDelegate.swift; sourceTree = "<group>"; };
		0F6B48175179606B884053E1 /* AccountFormView+Cards.swift */ = {isa = PBXFileReference; lastKnownFileType = sourcecode.swift; path = "AccountFormView+Cards.swift"; sourceTree = "<group>"; };
		10A3C001E043B35FE6CF03CC /* OutboxLocalWriteTests.swift */ = {isa = PBXFileReference; lastKnownFileType = sourcecode.swift; path = OutboxLocalWriteTests.swift; sourceTree = "<group>"; };
		11F9FF9F9234C2EFC83BBD8B /* Assets.xcassets */ = {isa = PBXFileReference; lastKnownFileType = folder.assetcatalog; path = Assets.xcassets; sourceTree = "<group>"; };
		12FF29F32E42DD3CA5E20B7D /* KeepoTests.xctest */ = {isa = PBXFileReference; includeInIndex = 0; lastKnownFileType = wrapper.cfbundle; path = KeepoTests.xctest; sourceTree = BUILT_PRODUCTS_DIR; };
		136D79B8A96DF200ACDE60BA /* HouseholdViewLoader.swift */ = {isa = PBXFileReference; lastKnownFileType = sourcecode.swift; path = HouseholdViewLoader.swift; sourceTree = "<group>"; };
		13730E415ACEB27F1646E3CE /* OutboxLocalWrite.swift */ = {isa = PBXFileReference; lastKnownFileType = sourcecode.swift; path = OutboxLocalWrite.swift; sourceTree = "<group>"; };
		192A9246EB85747C42D7E97D /* TransactionsListView.swift */ = {isa = PBXFileReference; lastKnownFileType = sourcecode.swift; path = TransactionsListView.swift; sourceTree = "<group>"; };
		1D55AC5A489A7549317ADB19 /* ConflictResolution.swift */ = {isa = PBXFileReference; lastKnownFileType = sourcecode.swift; path = ConflictResolution.swift; sourceTree = "<group>"; };
		1F7E462D55BFB72F55965EFE /* LocalStore.swift */ = {isa = PBXFileReference; lastKnownFileType = sourcecode.swift; path = LocalStore.swift; sourceTree = "<group>"; };
		2022ED7EAFC392568FE06C52 /* LocalMoneyRefereeTests.swift */ = {isa = PBXFileReference; lastKnownFileType = sourcecode.swift; path = LocalMoneyRefereeTests.swift; sourceTree = "<group>"; };
		2214EBA81A427AD5FC7EE5B5 /* ScopeSwitcherButton.swift */ = {isa = PBXFileReference; lastKnownFileType = sourcecode.swift; path = ScopeSwitcherButton.swift; sourceTree = "<group>"; };
		223C215A93C8B4A390E17F34 /* TransactionFormView.swift */ = {isa = PBXFileReference; lastKnownFileType = sourcecode.swift; path = TransactionFormView.swift; sourceTree = "<group>"; };
		2AE126A60515A777C07E6E8E /* Outbox+Capture.swift */ = {isa = PBXFileReference; lastKnownFileType = sourcecode.swift; path = "Outbox+Capture.swift"; sourceTree = "<group>"; };
		2C2A67AC30C1C63B214F69A1 /* ProfileView.swift */ = {isa = PBXFileReference; lastKnownFileType = sourcecode.swift; path = ProfileView.swift; sourceTree = "<group>"; };
		2CD74535C9BAD0B3D22700F1 /* PrivacyToggleButton.swift */ = {isa = PBXFileReference; lastKnownFileType = sourcecode.swift; path = PrivacyToggleButton.swift; sourceTree = "<group>"; };
		2D0DC0C876E0AE5447A36475 /* OfflineStatusBar.swift */ = {isa = PBXFileReference; lastKnownFileType = sourcecode.swift; path = OfflineStatusBar.swift; sourceTree = "<group>"; };
		2EEDC16F840D1D52F4F06892 /* LocalMoneyTypes.swift */ = {isa = PBXFileReference; lastKnownFileType = sourcecode.swift; path = LocalMoneyTypes.swift; sourceTree = "<group>"; };
		2F44CF7DBC59CC3E0D698B4D /* CaptureLocalWrite.swift */ = {isa = PBXFileReference; lastKnownFileType = sourcecode.swift; path = CaptureLocalWrite.swift; sourceTree = "<group>"; };
		330A1DB56C7CE8B1BC25180E /* LocalStoreMigrationTests.swift */ = {isa = PBXFileReference; lastKnownFileType = sourcecode.swift; path = LocalStoreMigrationTests.swift; sourceTree = "<group>"; };
		333AEF1387D80D7D4ECFD033 /* RefreshCoordinator.swift */ = {isa = PBXFileReference; lastKnownFileType = sourcecode.swift; path = RefreshCoordinator.swift; sourceTree = "<group>"; };
		35BD2F32122628E1B36921FA /* Outbox+CaptureRecovery.swift */ = {isa = PBXFileReference; lastKnownFileType = sourcecode.swift; path = "Outbox+CaptureRecovery.swift"; sourceTree = "<group>"; };
		362334366778871A75100AB1 /* NetworkMonitor.swift */ = {isa = PBXFileReference; lastKnownFileType = sourcecode.swift; path = NetworkMonitor.swift; sourceTree = "<group>"; };
		3680339542A1E05C2216A883 /* BalanceHeaderView.swift */ = {isa = PBXFileReference; lastKnownFileType = sourcecode.swift; path = BalanceHeaderView.swift; sourceTree = "<group>"; };
		36CB714B7454C4FB8AEB03C4 /* CategoryLocalWriteTests.swift */ = {isa = PBXFileReference; lastKnownFileType = sourcecode.swift; path = CategoryLocalWriteTests.swift; sourceTree = "<group>"; };
		38B6CBC83F5E74A9BDA5DCA7 /* LocalAccountRowTests.swift */ = {isa = PBXFileReference; lastKnownFileType = sourcecode.swift; path = LocalAccountRowTests.swift; sourceTree = "<group>"; };
		38EB62A43407D0B23B657726 /* MapCardSheet.swift */ = {isa = PBXFileReference; lastKnownFileType = sourcecode.swift; path = MapCardSheet.swift; sourceTree = "<group>"; };
		3CAAB71ED4F3AA3764B428BB /* CardMappingDetailSheet.swift */ = {isa = PBXFileReference; lastKnownFileType = sourcecode.swift; path = CardMappingDetailSheet.swift; sourceTree = "<group>"; };
		3F7302E5237413BF6107E4CE /* TransactionFormView+Delete.swift */ = {isa = PBXFileReference; lastKnownFileType = sourcecode.swift; path = "TransactionFormView+Delete.swift"; sourceTree = "<group>"; };
		4164124106D1FC427294CD27 /* LocalTransactionRow.swift */ = {isa = PBXFileReference; lastKnownFileType = sourcecode.swift; path = LocalTransactionRow.swift; sourceTree = "<group>"; };
		472675CD5ADE433AA4B8E336 /* LocalMoneyRefereeFixture.swift */ = {isa = PBXFileReference; lastKnownFileType = sourcecode.swift; path = LocalMoneyRefereeFixture.swift; sourceTree = "<group>"; };
		4AD65DF3C6006ED1FDF192FF /* TransactionFormView+Transfer.swift */ = {isa = PBXFileReference; lastKnownFileType = sourcecode.swift; path = "TransactionFormView+Transfer.swift"; sourceTree = "<group>"; };
		4BB58A8214ECD93F7BA2BFA3 /* Debug.xcconfig */ = {isa = PBXFileReference; lastKnownFileType = text.xcconfig; path = Debug.xcconfig; sourceTree = "<group>"; };
		4DC8348A94F64846D6389F14 /* RootView.swift */ = {isa = PBXFileReference; lastKnownFileType = sourcecode.swift; path = RootView.swift; sourceTree = "<group>"; };
		4DD4484E755728FA2992E894 /* LocalTransactionRowTests.swift */ = {isa = PBXFileReference; lastKnownFileType = sourcecode.swift; path = LocalTransactionRowTests.swift; sourceTree = "<group>"; };
		56BD1170276112E0659274B6 /* BalanceReminderScheduler.swift */ = {isa = PBXFileReference; lastKnownFileType = sourcecode.swift; path = BalanceReminderScheduler.swift; sourceTree = "<group>"; };
		5A43338D7EE342E9D02ACC23 /* OutboxTests.swift */ = {isa = PBXFileReference; lastKnownFileType = sourcecode.swift; path = OutboxTests.swift; sourceTree = "<group>"; };
		5B5DA16A17CDFBEC3DCF6BDB /* CSVImportView.swift */ = {isa = PBXFileReference; lastKnownFileType = sourcecode.swift; path = CSVImportView.swift; sourceTree = "<group>"; };
		5C2A3D881245B0A0B054AFA7 /* CardMappingLocalWriteTests.swift */ = {isa = PBXFileReference; lastKnownFileType = sourcecode.swift; path = CardMappingLocalWriteTests.swift; sourceTree = "<group>"; };
		6234223F609F295F8F13BDED /* AccountFormView.swift */ = {isa = PBXFileReference; lastKnownFileType = sourcecode.swift; path = AccountFormView.swift; sourceTree = "<group>"; };
		66A0AEC925B7A3FF79E7F977 /* NeedsReviewView.swift */ = {isa = PBXFileReference; lastKnownFileType = sourcecode.swift; path = NeedsReviewView.swift; sourceTree = "<group>"; };
		68C5239FB8E94D256E60F0EF /* AutomationsView.swift */ = {isa = PBXFileReference; lastKnownFileType = sourcecode.swift; path = AutomationsView.swift; sourceTree = "<group>"; };
		6E416B10D5153DF1638B0ED9 /* ColorHex.swift */ = {isa = PBXFileReference; lastKnownFileType = sourcecode.swift; path = ColorHex.swift; sourceTree = "<group>"; };
		735529C00019B4CABBA21C30 /* CategoryFormView.swift */ = {isa = PBXFileReference; lastKnownFileType = sourcecode.swift; path = CategoryFormView.swift; sourceTree = "<group>"; };
		768F4CDF0632B8A323F51BF1 /* OnboardingView.swift */ = {isa = PBXFileReference; lastKnownFileType = sourcecode.swift; path = OnboardingView.swift; sourceTree = "<group>"; };
		7742491A185D240463F3F936 /* KeepoUITests.xctest */ = {isa = PBXFileReference; includeInIndex = 0; lastKnownFileType = wrapper.cfbundle; path = KeepoUITests.xctest; sourceTree = BUILT_PRODUCTS_DIR; };
		7BA14030637CFFD08A547224 /* KeepoUITests.swift */ = {isa = PBXFileReference; lastKnownFileType = sourcecode.swift; path = KeepoUITests.swift; sourceTree = "<group>"; };
		864D74AE697E673562039C23 /* OTPSignInView.swift */ = {isa = PBXFileReference; lastKnownFileType = sourcecode.swift; path = OTPSignInView.swift; sourceTree = "<group>"; };
		884043304F66BADDBBBE1E13 /* KeepoApp.swift */ = {isa = PBXFileReference; lastKnownFileType = sourcecode.swift; path = KeepoApp.swift; sourceTree = "<group>"; };
		8871465199EB566D42ACEC52 /* SettingsView.swift */ = {isa = PBXFileReference; lastKnownFileType = sourcecode.swift; path = SettingsView.swift; sourceTree = "<group>"; };
		898182E4776D77AF168F541B /* AccountLocalWrite.swift */ = {isa = PBXFileReference; lastKnownFileType = sourcecode.swift; path = AccountLocalWrite.swift; sourceTree = "<group>"; };
		8BD07F8E4322452DD34E6A1C /* KeepoTests.swift */ = {isa = PBXFileReference; lastKnownFileType = sourcecode.swift; path = KeepoTests.swift; sourceTree = "<group>"; };
		8C335B228DAD2B9C1F3DD183 /* TransactionRow.swift */ = {isa = PBXFileReference; lastKnownFileType = sourcecode.swift; path = TransactionRow.swift; sourceTree = "<group>"; };
		8D5BCEA514344BDBF220342E /* HouseholdView.swift */ = {isa = PBXFileReference; lastKnownFileType = sourcecode.swift; path = HouseholdView.swift; sourceTree = "<group>"; };
		8E0C66C1771B2C113D912E35 /* TransactionsListView+Loading.swift */ = {isa = PBXFileReference; lastKnownFileType = sourcecode.swift; path = "TransactionsListView+Loading.swift"; sourceTree = "<group>"; };
		8EEF4B309BD81A9566743401 /* ExportView.swift */ = {isa = PBXFileReference; lastKnownFileType = sourcecode.swift; path = ExportView.swift; sourceTree = "<group>"; };
		8F2FC3C71C9E5CC965BC8F3F /* NetWorthChartView.swift */ = {isa = PBXFileReference; lastKnownFileType = sourcecode.swift; path = NetWorthChartView.swift; sourceTree = "<group>"; };
		8F54724997986A0ED81DEF3B /* LocalTableQueries.swift */ = {isa = PBXFileReference; lastKnownFileType = sourcecode.swift; path = LocalTableQueries.swift; sourceTree = "<group>"; };
		980DDA3E769ECAE135ECF895 /* OutboxKind.swift */ = {isa = PBXFileReference; lastKnownFileType = sourcecode.swift; path = OutboxKind.swift; sourceTree = "<group>"; };
		99345A8328BECF736129DE7F /* OutboxMigration.swift */ = {isa = PBXFileReference; lastKnownFileType = sourcecode.swift; path = OutboxMigration.swift; sourceTree = "<group>"; };
		9F1EE0D361A84BD4A2D11460 /* SyncEngineTests.swift */ = {isa = PBXFileReference; lastKnownFileType = sourcecode.swift; path = SyncEngineTests.swift; sourceTree = "<group>"; };
		9FD9B0EBCF053E1B3E86E65C /* SyncCursorStore.swift */ = {isa = PBXFileReference; lastKnownFileType = sourcecode.swift; path = SyncCursorStore.swift; sourceTree = "<group>"; };
		A27663EBB8FB0BA605B81BDE /* DataPrivacyView.swift */ = {isa = PBXFileReference; lastKnownFileType = sourcecode.swift; path = DataPrivacyView.swift; sourceTree = "<group>"; };
		A5D45833432D943398CC902D /* LocalMoneyConversionArchivedAccountTests.swift */ = {isa = PBXFileReference; lastKnownFileType = sourcecode.swift; path = LocalMoneyConversionArchivedAccountTests.swift; sourceTree = "<group>"; };
		A6EC2DB7E832362CEA7CCF77 /* KeepoCore */ = {isa = PBXFileReference; lastKnownFileType = folder; name = KeepoCore; path = Packages/KeepoCore; sourceTree = SOURCE_ROOT; };
		A78A0F12025B9E97E5A5B859 /* CategoryIconView.swift */ = {isa = PBXFileReference; lastKnownFileType = sourcecode.swift; path = CategoryIconView.swift; sourceTree = "<group>"; };
		A9BE688265BE8E6EB9C7C6BF /* LocalMoneyConversion.swift */ = {isa = PBXFileReference; lastKnownFileType = sourcecode.swift; path = LocalMoneyConversion.swift; sourceTree = "<group>"; };
		A9EB6980116C8080A7ADF85D /* SyncEngine.swift */ = {isa = PBXFileReference; lastKnownFileType = sourcecode.swift; path = SyncEngine.swift; sourceTree = "<group>"; };
		B2A2FE5321B9AA09B7118722 /* SecuritySettingsView.swift */ = {isa = PBXFileReference; lastKnownFileType = sourcecode.swift; path = SecuritySettingsView.swift; sourceTree = "<group>"; };
		B3600B8733D14B431A8E3067 /* LocalMoneyQueries.swift */ = {isa = PBXFileReference; lastKnownFileType = sourcecode.swift; path = LocalMoneyQueries.swift; sourceTree = "<group>"; };
		B74F9A6C1456B3EC4ED7C6C1 /* OfflineStoreTests.swift */ = {isa = PBXFileReference; lastKnownFileType = sourcecode.swift; path = OfflineStoreTests.swift; sourceTree = "<group>"; };
		B88C7E86C0F680D0F63F4135 /* TransferDivergenceAlert.swift */ = {isa = PBXFileReference; lastKnownFileType = sourcecode.swift; path = TransferDivergenceAlert.swift; sourceTree = "<group>"; };
		B8E38E1BEBD69551349E9D4E /* OutboxMigrationTests.swift */ = {isa = PBXFileReference; lastKnownFileType = sourcecode.swift; path = OutboxMigrationTests.swift; sourceTree = "<group>"; };
		BBAFFDD646D531BB369E684A /* ConflictDetailSheet.swift */ = {isa = PBXFileReference; lastKnownFileType = sourcecode.swift; path = ConflictDetailSheet.swift; sourceTree = "<group>"; };
		C00320C6876E1B14C807E478 /* TransactionsListView+Period.swift */ = {isa = PBXFileReference; lastKnownFileType = sourcecode.swift; path = "TransactionsListView+Period.swift"; sourceTree = "<group>"; };
		C0F66735C03B655438EA8251 /* Keepo.app */ = {isa = PBXFileReference; explicitFileType = wrapper.application; includeInIndex = 0; path = Keepo.app; sourceTree = BUILT_PRODUCTS_DIR; };
		C4437A523DE24A64B83A5D54 /* BudgetsView.swift */ = {isa = PBXFileReference; lastKnownFileType = sourcecode.swift; path = BudgetsView.swift; sourceTree = "<group>"; };
		C4ADFA49D22C598E055F5FB9 /* AppSettings.swift */ = {isa = PBXFileReference; lastKnownFileType = sourcecode.swift; path = AppSettings.swift; sourceTree = "<group>"; };
		C5BD94CF1F85351099DDBE77 /* LocalStoreTests.swift */ = {isa = PBXFileReference; lastKnownFileType = sourcecode.swift; path = LocalStoreTests.swift; sourceTree = "<group>"; };
		C91440E871E1BD48AB796B63 /* Keepo.entitlements */ = {isa = PBXFileReference; lastKnownFileType = text.plist.entitlements; path = Keepo.entitlements; sourceTree = "<group>"; };
		CBFD2591FA160113DE1732DE /* LiveOutboxSender.swift */ = {isa = PBXFileReference; lastKnownFileType = sourcecode.swift; path = LiveOutboxSender.swift; sourceTree = "<group>"; };
		CDA9FDB15C2C5D6B5B18466D /* WalletAutomationGuideView.swift */ = {isa = PBXFileReference; lastKnownFileType = sourcecode.swift; path = WalletAutomationGuideView.swift; sourceTree = "<group>"; };
		CEE6F0FB1B3DF6715A2BF817 /* PreferencesView.swift */ = {isa = PBXFileReference; lastKnownFileType = sourcecode.swift; path = PreferencesView.swift; sourceTree = "<group>"; };
		CF23EF5C13D50D95393B5ABF /* Outbox+AccountsCategories.swift */ = {isa = PBXFileReference; lastKnownFileType = sourcecode.swift; path = "Outbox+AccountsCategories.swift"; sourceTree = "<group>"; };
		D05E8A22B7751E78E33EBC02 /* OfflineStore.swift */ = {isa = PBXFileReference; lastKnownFileType = sourcecode.swift; path = OfflineStore.swift; sourceTree = "<group>"; };
		D105BF3ECCEFDC84E629D824 /* SimulateCaptureView.swift */ = {isa = PBXFileReference; lastKnownFileType = sourcecode.swift; path = SimulateCaptureView.swift; sourceTree = "<group>"; };
		D26D5FDEC899FFE8FBF9699D /* ArchiveAccountsView.swift */ = {isa = PBXFileReference; lastKnownFileType = sourcecode.swift; path = ArchiveAccountsView.swift; sourceTree = "<group>"; };
		D2EFC21F0C8C59B19FFD185A /* UUID+Identifiable.swift */ = {isa = PBXFileReference; lastKnownFileType = sourcecode.swift; path = "UUID+Identifiable.swift"; sourceTree = "<group>"; };
		D3CD02450207FB6B2E822D2F /* Release.xcconfig */ = {isa = PBXFileReference; lastKnownFileType = text.xcconfig; path = Release.xcconfig; sourceTree = "<group>"; };
		D635D3C66205FA4089E40FF3 /* SyncApply.swift */ = {isa = PBXFileReference; lastKnownFileType = sourcecode.swift; path = SyncApply.swift; sourceTree = "<group>"; };
		D8392FEE866EC93F965E2501 /* MappedCardsView.swift */ = {isa = PBXFileReference; lastKnownFileType = sourcecode.swift; path = MappedCardsView.swift; sourceTree = "<group>"; };
		DE615004EB22E1F564BAEEC8 /* OfflineInfoSheet.swift */ = {isa = PBXFileReference; lastKnownFileType = sourcecode.swift; path = OfflineInfoSheet.swift; sourceTree = "<group>"; };
		E3EF5DAED2EACFF58805C874 /* LocalMoneyConversionBudget.swift */ = {isa = PBXFileReference; lastKnownFileType = sourcecode.swift; path = LocalMoneyConversionBudget.swift; sourceTree = "<group>"; };
		E411123808C435E6B54C1F93 /* AccountGroupDetailView.swift */ = {isa = PBXFileReference; lastKnownFileType = sourcecode.swift; path = AccountGroupDetailView.swift; sourceTree = "<group>"; };
		E430CAB6976F8BB2B64C7D1A /* NotificationSettingsView.swift */ = {isa = PBXFileReference; lastKnownFileType = sourcecode.swift; path = NotificationSettingsView.swift; sourceTree = "<group>"; };
		E62BF27F1E0B2358AEA3A07C /* NotificationRouter.swift */ = {isa = PBXFileReference; lastKnownFileType = sourcecode.swift; path = NotificationRouter.swift; sourceTree = "<group>"; };
		E6A741E7644D1745889C5114 /* RecurringRulesView.swift */ = {isa = PBXFileReference; lastKnownFileType = sourcecode.swift; path = RecurringRulesView.swift; sourceTree = "<group>"; };
		E77C50795C5EE7B77F6AD5DE /* Outbox+Cards.swift */ = {isa = PBXFileReference; lastKnownFileType = sourcecode.swift; path = "Outbox+Cards.swift"; sourceTree = "<group>"; };
		E7AC3C81304BFE67EEFD8611 /* LocalAccountRow.swift */ = {isa = PBXFileReference; lastKnownFileType = sourcecode.swift; path = LocalAccountRow.swift; sourceTree = "<group>"; };
		E9EFFACF34C66AE4CCA5245E /* CurrencyConversionLabel.swift */ = {isa = PBXFileReference; lastKnownFileType = sourcecode.swift; path = CurrencyConversionLabel.swift; sourceTree = "<group>"; };
		EA049CBC27DE13AAA36A637E /* NetWorthDetailView.swift */ = {isa = PBXFileReference; lastKnownFileType = sourcecode.swift; path = NetWorthDetailView.swift; sourceTree = "<group>"; };
		EB21306F71BA4693E4676718 /* ConflictDetailSheet+Loading.swift */ = {isa = PBXFileReference; lastKnownFileType = sourcecode.swift; path = "ConflictDetailSheet+Loading.swift"; sourceTree = "<group>"; };
		ED9921C3A12ACEF10F463E95 /* CategoryLocalWrite.swift */ = {isa = PBXFileReference; lastKnownFileType = sourcecode.swift; path = CategoryLocalWrite.swift; sourceTree = "<group>"; };
		EDED98D97ACE3A89820BBD09 /* CaptureIntent.swift */ = {isa = PBXFileReference; lastKnownFileType = sourcecode.swift; path = CaptureIntent.swift; sourceTree = "<group>"; };
		EE77801FEDF30EF5EC63D7C9 /* SessionStore.swift */ = {isa = PBXFileReference; lastKnownFileType = sourcecode.swift; path = SessionStore.swift; sourceTree = "<group>"; };
		F11055A448FD60F76A166290 /* LocalStore+SchemaMigration.swift */ = {isa = PBXFileReference; lastKnownFileType = sourcecode.swift; path = "LocalStore+SchemaMigration.swift"; sourceTree = "<group>"; };
		F3D1996C00A3B200872FFDA8 /* LocalTableQueriesTests.swift */ = {isa = PBXFileReference; lastKnownFileType = sourcecode.swift; path = LocalTableQueriesTests.swift; sourceTree = "<group>"; };
		FA254D2AA993C35885CF6D23 /* OutboxLocalWrite+Cards.swift */ = {isa = PBXFileReference; lastKnownFileType = sourcecode.swift; path = "OutboxLocalWrite+Cards.swift"; sourceTree = "<group>"; };
/* End PBXFileReference section */

/* Begin PBXFrameworksBuildPhase section */
		16966E2B9180C023A82A77EE /* Frameworks */ = {
			isa = PBXFrameworksBuildPhase;
			buildActionMask = 2147483647;
			files = (
				85B1EC2B4B07AC6786D23109 /* KeepoCore in Frameworks */,
				9912029F3BA033365E943695 /* GRDB in Frameworks */,
			);
			runOnlyForDeploymentPostprocessing = 0;
		};
		2F6112FB42320BC6EEEBC073 /* Frameworks */ = {
			isa = PBXFrameworksBuildPhase;
			buildActionMask = 2147483647;
			files = (
				4D9150EB4ECF8A74B015DCD5 /* GRDB in Frameworks */,
			);
			runOnlyForDeploymentPostprocessing = 0;
		};
/* End PBXFrameworksBuildPhase section */

/* Begin PBXGroup section */
		050342BA3DE341BA002FCD9C /* Resources */ = {
			isa = PBXGroup;
			children = (
				11F9FF9F9234C2EFC83BBD8B /* Assets.xcassets */,
			);
			path = Resources;
			sourceTree = "<group>";
		};
		2670CD850D9FC00353F46CCC /* Products */ = {
			isa = PBXGroup;
			children = (
				C0F66735C03B655438EA8251 /* Keepo.app */,
				12FF29F32E42DD3CA5E20B7D /* KeepoTests.xctest */,
				7742491A185D240463F3F936 /* KeepoUITests.xctest */,
			);
			name = Products;
			sourceTree = "<group>";
		};
		7EFAF88579B01776BD0774BC = {
			isa = PBXGroup;
			children = (
				BD4710062B33E10DA714C285 /* App */,
				C15A51F048C5BDDACE390967 /* Config */,
				D8B056B5D3C0D609BDC3AAFD /* KeepoTests */,
				E26873A1AF4AA309CFC73D22 /* KeepoUITests */,
				9E64A59616CDFD44028A30D8 /* Packages */,
				2670CD850D9FC00353F46CCC /* Products */,
			);
			sourceTree = "<group>";
		};
		9E64A59616CDFD44028A30D8 /* Packages */ = {
			isa = PBXGroup;
			children = (
				A6EC2DB7E832362CEA7CCF77 /* KeepoCore */,
			);
			path = Packages;
			sourceTree = "<group>";
		};
		BD4710062B33E10DA714C285 /* App */ = {
			isa = PBXGroup;
			children = (
				6234223F609F295F8F13BDED /* AccountFormView.swift */,
				0F6B48175179606B884053E1 /* AccountFormView+Cards.swift */,
				E411123808C435E6B54C1F93 /* AccountGroupDetailView.swift */,
				898182E4776D77AF168F541B /* AccountLocalWrite.swift */,
				02A0D5880530458F27A93E14 /* AccountsListView.swift */,
				0C51BAEA2B58FB280672BF8C /* AppDelegate.swift */,
				C4ADFA49D22C598E055F5FB9 /* AppSettings.swift */,
				D26D5FDEC899FFE8FBF9699D /* ArchiveAccountsView.swift */,
				68C5239FB8E94D256E60F0EF /* AutomationsView.swift */,
				3680339542A1E05C2216A883 /* BalanceHeaderView.swift */,
				56BD1170276112E0659274B6 /* BalanceReminderScheduler.swift */,
				05EF478F9C03D81B6E0CCFB1 /* BudgetFormView.swift */,
				C4437A523DE24A64B83A5D54 /* BudgetsView.swift */,
				EDED98D97ACE3A89820BBD09 /* CaptureIntent.swift */,
				2F44CF7DBC59CC3E0D698B4D /* CaptureLocalWrite.swift */,
				3CAAB71ED4F3AA3764B428BB /* CardMappingDetailSheet.swift */,
				037CD275DF695BA082E13AE5 /* CategoriesView.swift */,
				735529C00019B4CABBA21C30 /* CategoryFormView.swift */,
				A78A0F12025B9E97E5A5B859 /* CategoryIconView.swift */,
				ED9921C3A12ACEF10F463E95 /* CategoryLocalWrite.swift */,
				6E416B10D5153DF1638B0ED9 /* ColorHex.swift */,
				BBAFFDD646D531BB369E684A /* ConflictDetailSheet.swift */,
				EB21306F71BA4693E4676718 /* ConflictDetailSheet+Loading.swift */,
				1D55AC5A489A7549317ADB19 /* ConflictResolution.swift */,
				5B5DA16A17CDFBEC3DCF6BDB /* CSVImportView.swift */,
				E9EFFACF34C66AE4CCA5245E /* CurrencyConversionLabel.swift */,
				A27663EBB8FB0BA605B81BDE /* DataPrivacyView.swift */,
				8EEF4B309BD81A9566743401 /* ExportView.swift */,
				06737C4FC884994C69283C0A /* HomeView.swift */,
				8D5BCEA514344BDBF220342E /* HouseholdView.swift */,
				136D79B8A96DF200ACDE60BA /* HouseholdViewLoader.swift */,
				07039596342F80EA227C6AFD /* Info.plist */,
				C91440E871E1BD48AB796B63 /* Keepo.entitlements */,
				884043304F66BADDBBBE1E13 /* KeepoApp.swift */,
				CBFD2591FA160113DE1732DE /* LiveOutboxSender.swift */,
				E7AC3C81304BFE67EEFD8611 /* LocalAccountRow.swift */,
				A9BE688265BE8E6EB9C7C6BF /* LocalMoneyConversion.swift */,
				E3EF5DAED2EACFF58805C874 /* LocalMoneyConversionBudget.swift */,
				B3600B8733D14B431A8E3067 /* LocalMoneyQueries.swift */,
				2EEDC16F840D1D52F4F06892 /* LocalMoneyTypes.swift */,
				1F7E462D55BFB72F55965EFE /* LocalStore.swift */,
				F11055A448FD60F76A166290 /* LocalStore+SchemaMigration.swift */,
				8F54724997986A0ED81DEF3B /* LocalTableQueries.swift */,
				4164124106D1FC427294CD27 /* LocalTransactionRow.swift */,
				38EB62A43407D0B23B657726 /* MapCardSheet.swift */,
				D8392FEE866EC93F965E2501 /* MappedCardsView.swift */,
				0A3FA3E05923A1E586BEE2BA /* MetricKitSubscriber.swift */,
				66A0AEC925B7A3FF79E7F977 /* NeedsReviewView.swift */,
				362334366778871A75100AB1 /* NetworkMonitor.swift */,
				8F2FC3C71C9E5CC965BC8F3F /* NetWorthChartView.swift */,
				EA049CBC27DE13AAA36A637E /* NetWorthDetailView.swift */,
				E62BF27F1E0B2358AEA3A07C /* NotificationRouter.swift */,
				E430CAB6976F8BB2B64C7D1A /* NotificationSettingsView.swift */,
				DE615004EB22E1F564BAEEC8 /* OfflineInfoSheet.swift */,
				2D0DC0C876E0AE5447A36475 /* OfflineStatusBar.swift */,
				D05E8A22B7751E78E33EBC02 /* OfflineStore.swift */,
				768F4CDF0632B8A323F51BF1 /* OnboardingView.swift */,
				864D74AE697E673562039C23 /* OTPSignInView.swift */,
				0A97072C145C825A7BC117C5 /* Outbox.swift */,
				CF23EF5C13D50D95393B5ABF /* Outbox+AccountsCategories.swift */,
				2AE126A60515A777C07E6E8E /* Outbox+Capture.swift */,
				35BD2F32122628E1B36921FA /* Outbox+CaptureRecovery.swift */,
				E77C50795C5EE7B77F6AD5DE /* Outbox+Cards.swift */,
				980DDA3E769ECAE135ECF895 /* OutboxKind.swift */,
				13730E415ACEB27F1646E3CE /* OutboxLocalWrite.swift */,
				FA254D2AA993C35885CF6D23 /* OutboxLocalWrite+Cards.swift */,
				99345A8328BECF736129DE7F /* OutboxMigration.swift */,
				0ABA32C5D1B5DFF5297CA7CC /* OutboxPayloads.swift */,
				CEE6F0FB1B3DF6715A2BF817 /* PreferencesView.swift */,
				2CD74535C9BAD0B3D22700F1 /* PrivacyToggleButton.swift */,
				2C2A67AC30C1C63B214F69A1 /* ProfileView.swift */,
				010F6BE2EDE4A87D2634D6FE /* RecurringRuleFormView.swift */,
				E6A741E7644D1745889C5114 /* RecurringRulesView.swift */,
				333AEF1387D80D7D4ECFD033 /* RefreshCoordinator.swift */,
				4DC8348A94F64846D6389F14 /* RootView.swift */,
				2214EBA81A427AD5FC7EE5B5 /* ScopeSwitcherButton.swift */,
				B2A2FE5321B9AA09B7118722 /* SecuritySettingsView.swift */,
				EE77801FEDF30EF5EC63D7C9 /* SessionStore.swift */,
				8871465199EB566D42ACEC52 /* SettingsView.swift */,
				D105BF3ECCEFDC84E629D824 /* SimulateCaptureView.swift */,
				D635D3C66205FA4089E40FF3 /* SyncApply.swift */,
				9FD9B0EBCF053E1B3E86E65C /* SyncCursorStore.swift */,
				A9EB6980116C8080A7ADF85D /* SyncEngine.swift */,
				223C215A93C8B4A390E17F34 /* TransactionFormView.swift */,
				3F7302E5237413BF6107E4CE /* TransactionFormView+Delete.swift */,
				4AD65DF3C6006ED1FDF192FF /* TransactionFormView+Transfer.swift */,
				8C335B228DAD2B9C1F3DD183 /* TransactionRow.swift */,
				192A9246EB85747C42D7E97D /* TransactionsListView.swift */,
				8E0C66C1771B2C113D912E35 /* TransactionsListView+Loading.swift */,
				C00320C6876E1B14C807E478 /* TransactionsListView+Period.swift */,
				B88C7E86C0F680D0F63F4135 /* TransferDivergenceAlert.swift */,
				D2EFC21F0C8C59B19FFD185A /* UUID+Identifiable.swift */,
				CDA9FDB15C2C5D6B5B18466D /* WalletAutomationGuideView.swift */,
				050342BA3DE341BA002FCD9C /* Resources */,
			);
			path = App;
			sourceTree = "<group>";
		};
		C15A51F048C5BDDACE390967 /* Config */ = {
			isa = PBXGroup;
			children = (
				4BB58A8214ECD93F7BA2BFA3 /* Debug.xcconfig */,
				D3CD02450207FB6B2E822D2F /* Release.xcconfig */,
			);
			path = Config;
			sourceTree = "<group>";
		};
		D8B056B5D3C0D609BDC3AAFD /* KeepoTests */ = {
			isa = PBXGroup;
			children = (
				5C2A3D881245B0A0B054AFA7 /* CardMappingLocalWriteTests.swift */,
				36CB714B7454C4FB8AEB03C4 /* CategoryLocalWriteTests.swift */,
				8BD07F8E4322452DD34E6A1C /* KeepoTests.swift */,
				38B6CBC83F5E74A9BDA5DCA7 /* LocalAccountRowTests.swift */,
				A5D45833432D943398CC902D /* LocalMoneyConversionArchivedAccountTests.swift */,
				472675CD5ADE433AA4B8E336 /* LocalMoneyRefereeFixture.swift */,
				2022ED7EAFC392568FE06C52 /* LocalMoneyRefereeTests.swift */,
				330A1DB56C7CE8B1BC25180E /* LocalStoreMigrationTests.swift */,
				C5BD94CF1F85351099DDBE77 /* LocalStoreTests.swift */,
				F3D1996C00A3B200872FFDA8 /* LocalTableQueriesTests.swift */,
				4DD4484E755728FA2992E894 /* LocalTransactionRowTests.swift */,
				B74F9A6C1456B3EC4ED7C6C1 /* OfflineStoreTests.swift */,
				10A3C001E043B35FE6CF03CC /* OutboxLocalWriteTests.swift */,
				B8E38E1BEBD69551349E9D4E /* OutboxMigrationTests.swift */,
				5A43338D7EE342E9D02ACC23 /* OutboxTests.swift */,
				9F1EE0D361A84BD4A2D11460 /* SyncEngineTests.swift */,
			);
			path = KeepoTests;
			sourceTree = "<group>";
		};
		E26873A1AF4AA309CFC73D22 /* KeepoUITests */ = {
			isa = PBXGroup;
			children = (
				7BA14030637CFFD08A547224 /* KeepoUITests.swift */,
			);
			path = KeepoUITests;
			sourceTree = "<group>";
		};
/* End PBXGroup section */

/* Begin PBXNativeTarget section */
		443717CB9EC5A40624C60410 /* KeepoTests */ = {
			isa = PBXNativeTarget;
			buildConfigurationList = C516736D0445EA288479C3D1 /* Build configuration list for PBXNativeTarget "KeepoTests" */;
			buildPhases = (
				23487B15A74D14809E82364C /* Sources */,
				2F6112FB42320BC6EEEBC073 /* Frameworks */,
			);
			buildRules = (
			);
			dependencies = (
				4995BBC0840D97D61E961128 /* PBXTargetDependency */,
			);
			name = KeepoTests;
			packageProductDependencies = (
				0D525863FB5ABAE4C22CDAE5 /* GRDB */,
			);
			productName = KeepoTests;
			productReference = 12FF29F32E42DD3CA5E20B7D /* KeepoTests.xctest */;
			productType = "com.apple.product-type.bundle.unit-test";
		};
		6A3D50B479C3A68CBDA12352 /* KeepoUITests */ = {
			isa = PBXNativeTarget;
			buildConfigurationList = 3C667AB24BFF3B1F2F28D042 /* Build configuration list for PBXNativeTarget "KeepoUITests" */;
			buildPhases = (
				5BEA6075711862C5F7B3D0A5 /* Sources */,
			);
			buildRules = (
			);
			dependencies = (
				6A509BB3641B6FE544F82F9E /* PBXTargetDependency */,
			);
			name = KeepoUITests;
			packageProductDependencies = (
			);
			productName = KeepoUITests;
			productReference = 7742491A185D240463F3F936 /* KeepoUITests.xctest */;
			productType = "com.apple.product-type.bundle.ui-testing";
		};
		6EFE059FF7E365DABE8FEEA5 /* Keepo */ = {
			isa = PBXNativeTarget;
			buildConfigurationList = 14F329C12BE11BC28BAE3CDA /* Build configuration list for PBXNativeTarget "Keepo" */;
			buildPhases = (
				CFF6091A58775FDB94B577E8 /* Sources */,
				AAFDF4C8A40033B8388F8833 /* Resources */,
				16966E2B9180C023A82A77EE /* Frameworks */,
			);
			buildRules = (
			);
			dependencies = (
			);
			name = Keepo;
			packageProductDependencies = (
				55A520844CB1127366801CB8 /* KeepoCore */,
				6CF67C6B40F5CAB317C7F6FC /* GRDB */,
			);
			productName = Keepo;
			productReference = C0F66735C03B655438EA8251 /* Keepo.app */;
			productType = "com.apple.product-type.application";
		};
/* End PBXNativeTarget section */

/* Begin PBXProject section */
		80DD05CAC2B13911A7A230B6 /* Project object */ = {
			isa = PBXProject;
			attributes = {
				BuildIndependentTargetsInParallel = YES;
				LastUpgradeCheck = 1430;
				TargetAttributes = {
					6A3D50B479C3A68CBDA12352 = {
						TestTargetID = 6EFE059FF7E365DABE8FEEA5;
					};
				};
			};
			buildConfigurationList = AA573AD0EC89FF67D5981DE8 /* Build configuration list for PBXProject "Keepo" */;
			developmentRegion = en;
			hasScannedForEncodings = 0;
			knownRegions = (
				Base,
				en,
			);
			mainGroup = 7EFAF88579B01776BD0774BC;
			minimizedProjectReferenceProxies = 1;
			packageReferences = (
				CBCFA5AABD4A70D29593302B /* XCRemoteSwiftPackageReference "GRDB" */,
				ADEF292666A264221272220B /* XCLocalSwiftPackageReference "Packages/KeepoCore" */,
			);
			preferredProjectObjectVersion = 77;
			productRefGroup = 2670CD850D9FC00353F46CCC /* Products */;
			projectDirPath = "";
			projectRoot = "";
			targets = (
				6EFE059FF7E365DABE8FEEA5 /* Keepo */,
				443717CB9EC5A40624C60410 /* KeepoTests */,
				6A3D50B479C3A68CBDA12352 /* KeepoUITests */,
			);
		};
/* End PBXProject section */

/* Begin PBXResourcesBuildPhase section */
		AAFDF4C8A40033B8388F8833 /* Resources */ = {
			isa = PBXResourcesBuildPhase;
			buildActionMask = 2147483647;
			files = (
				826E1EAAC66ED6E48DA2840E /* Assets.xcassets in Resources */,
			);
			runOnlyForDeploymentPostprocessing = 0;
		};
/* End PBXResourcesBuildPhase section */

/* Begin PBXSourcesBuildPhase section */
		23487B15A74D14809E82364C /* Sources */ = {
			isa = PBXSourcesBuildPhase;
			buildActionMask = 2147483647;
			files = (
				BBE92DC63297AE6FDD9EAE9F /* CardMappingLocalWriteTests.swift in Sources */,
				E43BEBD85BAD11CDD781A200 /* CategoryLocalWriteTests.swift in Sources */,
				4C27DB33415AF4D03D91EEE8 /* KeepoTests.swift in Sources */,
				BE4065A6413D625D4C960DC1 /* LocalAccountRowTests.swift in Sources */,
				CBA1F8EB27B25B3AE8413965 /* LocalMoneyConversionArchivedAccountTests.swift in Sources */,
				E66057E7D6C97B7B9301BB1E /* LocalMoneyRefereeFixture.swift in Sources */,
				D89DE5A5161CEB8D44029020 /* LocalMoneyRefereeTests.swift in Sources */,
				F7133C4614BF0DCF5ED29E07 /* LocalStoreMigrationTests.swift in Sources */,
				CDEAFC8D83E97D3B04E20CFD /* LocalStoreTests.swift in Sources */,
				E9C9D4B3DF078A1CC161900E /* LocalTableQueriesTests.swift in Sources */,
				FAB07834FBBFD8A76C96E47B /* LocalTransactionRowTests.swift in Sources */,
				EA430EC5D2F03C8C3197B7D0 /* OfflineStoreTests.swift in Sources */,
				3A9AACA2AC8D02F3ED6645C3 /* OutboxLocalWriteTests.swift in Sources */,
				E923E0F08CF810D2921A687A /* OutboxMigrationTests.swift in Sources */,
				A38417E3409C44AC9E74975E /* OutboxTests.swift in Sources */,
				F621BD7F9360149A762CDA34 /* SyncEngineTests.swift in Sources */,
			);
			runOnlyForDeploymentPostprocessing = 0;
		};
		5BEA6075711862C5F7B3D0A5 /* Sources */ = {
			isa = PBXSourcesBuildPhase;
			buildActionMask = 2147483647;
			files = (
				6D136EF3E95EB5BD256F22C7 /* KeepoUITests.swift in Sources */,
			);
			runOnlyForDeploymentPostprocessing = 0;
		};
		CFF6091A58775FDB94B577E8 /* Sources */ = {
			isa = PBXSourcesBuildPhase;
			buildActionMask = 2147483647;
			files = (
				6105E1260E91CD154666CAB5 /* AccountFormView+Cards.swift in Sources */,
				23E7D1393EAD719BE66438BF /* AccountFormView.swift in Sources */,
				C161DFD748D70B4AB3D02EEB /* AccountGroupDetailView.swift in Sources */,
				7D30C1E73CAD87BAF1224099 /* AccountLocalWrite.swift in Sources */,
				A5FFBD48BD9FE9D8281754EE /* AccountsListView.swift in Sources */,
				D1A22957D9168F2FB74BBEA7 /* AppDelegate.swift in Sources */,
				1258AEE2BE84DBE4A3238432 /* AppSettings.swift in Sources */,
				910929EACA4D7E2B7840D626 /* ArchiveAccountsView.swift in Sources */,
				9330F41C8C3EC71EEC94610F /* AutomationsView.swift in Sources */,
				6A667687CB7EC9234BAAE2E6 /* BalanceHeaderView.swift in Sources */,
				01CC7E812F03C9F7D9E6E79F /* BalanceReminderScheduler.swift in Sources */,
				8C19ADA540858E61760E4FE7 /* BudgetFormView.swift in Sources */,
				7DD08FCA4FF3B91194F3AFB3 /* BudgetsView.swift in Sources */,
				C886AE5DBD13E41BFE14BA54 /* CSVImportView.swift in Sources */,
				CA271C456719F30FF84B8FF5 /* CaptureIntent.swift in Sources */,
				B1428E9A36AA3EC93E48566F /* CaptureLocalWrite.swift in Sources */,
				E26E4926F9FD4EA7EB2A17E8 /* CardMappingDetailSheet.swift in Sources */,
				4184AA431DA561F69AE2C593 /* CategoriesView.swift in Sources */,
				475B1C8ADEBEC90129CDBB89 /* CategoryFormView.swift in Sources */,
				3F28EF46A43EE7AF81CD656B /* CategoryIconView.swift in Sources */,
				4396DE29BCBD5EA251338E5E /* CategoryLocalWrite.swift in Sources */,
				A84A63EA9F34755A0DFB9067 /* ColorHex.swift in Sources */,
				313FC5BD846C0415D62084A2 /* ConflictDetailSheet+Loading.swift in Sources */,
				AD9ECBCDD919F4BB10E4245D /* ConflictDetailSheet.swift in Sources */,
				7B5828DB0F36A3D6B2ED4DEB /* ConflictResolution.swift in Sources */,
				E9B90B45B2064ED05EA757BE /* CurrencyConversionLabel.swift in Sources */,
				7C5F40F75BBB39A3364D07AD /* DataPrivacyView.swift in Sources */,
				45123E973A54142DB5AD78C9 /* ExportView.swift in Sources */,
				07757F6F5323860A58AB2EF0 /* HomeView.swift in Sources */,
				B54F02C80D3D973B33154960 /* HouseholdView.swift in Sources */,
				A6774885935170E1206B4D19 /* HouseholdViewLoader.swift in Sources */,
				04741E76C3B64E75E8EE741F /* KeepoApp.swift in Sources */,
				3B8833557F7FB6D149C50955 /* LiveOutboxSender.swift in Sources */,
				B627DB442B79800AE401940B /* LocalAccountRow.swift in Sources */,
				203E3DE0C583D51FFA3CC973 /* LocalMoneyConversion.swift in Sources */,
				4917BE825C6565670031AF5F /* LocalMoneyConversionBudget.swift in Sources */,
				D2249999B755B75AF3BA291E /* LocalMoneyQueries.swift in Sources */,
				B7A28835CF97300D93A8A733 /* LocalMoneyTypes.swift in Sources */,
				5B6A59AAF63449FAEBC3CF35 /* LocalStore+SchemaMigration.swift in Sources */,
				D5BF43435891F0747B331635 /* LocalStore.swift in Sources */,
				71B3793D62B3873E559E84B3 /* LocalTableQueries.swift in Sources */,
				2BEA2658AA22E03CB9ACAE5A /* LocalTransactionRow.swift in Sources */,
				1EC09254E0001743EC8EDD97 /* MapCardSheet.swift in Sources */,
				DBCAC1E6D689B0CC49AFA160 /* MappedCardsView.swift in Sources */,
				3233B01CD185C2B402C691F8 /* MetricKitSubscriber.swift in Sources */,
				720AA92A68E578F823FA5F4D /* NeedsReviewView.swift in Sources */,
				C31584818223B578BF4B42FD /* NetWorthChartView.swift in Sources */,
				B95EF6554B1C4939A18561C3 /* NetWorthDetailView.swift in Sources */,
				989AC18F0909238D156D83B1 /* NetworkMonitor.swift in Sources */,
				B58F7AE0F4E46F77167F4677 /* NotificationRouter.swift in Sources */,
				E08BF0F46CB847CE79E85D6E /* NotificationSettingsView.swift in Sources */,
				7DCDB64122A2891105C7C10F /* OTPSignInView.swift in Sources */,
				21D7B4F8764655E5F17DFD75 /* OfflineInfoSheet.swift in Sources */,
				4A9BA5608EA3BB156B3E71AE /* OfflineStatusBar.swift in Sources */,
				81727031FB03BFD0EC3CC42D /* OfflineStore.swift in Sources */,
				D870CF193CABA5CA3A2B649C /* OnboardingView.swift in Sources */,
				916606BE115D52894CF13E4A /* Outbox+AccountsCategories.swift in Sources */,
				649260AB466D73CF5F1EB347 /* Outbox+Capture.swift in Sources */,
				D9750A15598B879A64FC77D1 /* Outbox+CaptureRecovery.swift in Sources */,
				2F75A6443C5BBCB8CA99DED5 /* Outbox+Cards.swift in Sources */,
				5A2180249656BC92A8318CC6 /* Outbox.swift in Sources */,
				E3E9C407E2DE673A929AA6EE /* OutboxKind.swift in Sources */,
				64470F7C4235974F4A802F12 /* OutboxLocalWrite+Cards.swift in Sources */,
				3ECB038FFEE93D5A2897E950 /* OutboxLocalWrite.swift in Sources */,
				015458CD49918309F410CBAF /* OutboxMigration.swift in Sources */,
				ED0C39EA3E52A60BC689B4EA /* OutboxPayloads.swift in Sources */,
				C95EADE3438BF04F99EBE006 /* PreferencesView.swift in Sources */,
				303F4C318CFC27290CD85D25 /* PrivacyToggleButton.swift in Sources */,
				6CA56B7DC8225BC3674E48C8 /* ProfileView.swift in Sources */,
				1AC5044D2005A53BA40B40DD /* RecurringRuleFormView.swift in Sources */,
				F4D8709FFC8E2B106B600182 /* RecurringRulesView.swift in Sources */,
				503974F3E8B7F0D828A0C6CA /* RefreshCoordinator.swift in Sources */,
				00A8F3AF0335A763CABB29B2 /* RootView.swift in Sources */,
				E05103A6759B5B212308F736 /* ScopeSwitcherButton.swift in Sources */,
				CBDD7CC0182214986F8DE756 /* SecuritySettingsView.swift in Sources */,
				D9287EC318089E6B6250F08D /* SessionStore.swift in Sources */,
				D60DD08A0A2DD8446CA993CD /* SettingsView.swift in Sources */,
				94E300A07A178B1A2876CF5A /* SimulateCaptureView.swift in Sources */,
				00A96ACC913F667FD553AC6A /* SyncApply.swift in Sources */,
				C2B619C3EC87A5847A00EAE4 /* SyncCursorStore.swift in Sources */,
				A90857943ADABEFB25B44996 /* SyncEngine.swift in Sources */,
				8418D67FD7BAB31C6629EE5B /* TransactionFormView+Delete.swift in Sources */,
				795E10B3A734DE453CAE50DE /* TransactionFormView+Transfer.swift in Sources */,
				F3CCB559F93565682DBAE498 /* TransactionFormView.swift in Sources */,
				E6D1468DE51E2DA7DD7B71CA /* TransactionRow.swift in Sources */,
				35FBFA6ED12189BE76D60F92 /* TransactionsListView+Loading.swift in Sources */,
				81C18CDDD1C078398AC45EE8 /* TransactionsListView+Period.swift in Sources */,
				E4AE632568A815AAFE48026F /* TransactionsListView.swift in Sources */,
				CA42FD39D7ED2C1AA7DDD329 /* TransferDivergenceAlert.swift in Sources */,
				B3D55B77F4EB1B1F699789EB /* UUID+Identifiable.swift in Sources */,
				32384D1C333E36EFC326C01E /* WalletAutomationGuideView.swift in Sources */,
			);
			runOnlyForDeploymentPostprocessing = 0;
		};
/* End PBXSourcesBuildPhase section */

/* Begin PBXTargetDependency section */
		4995BBC0840D97D61E961128 /* PBXTargetDependency */ = {
			isa = PBXTargetDependency;
			target = 6EFE059FF7E365DABE8FEEA5 /* Keepo */;
			targetProxy = 2671B183AD3C01758DC586CC /* PBXContainerItemProxy */;
		};
		6A509BB3641B6FE544F82F9E /* PBXTargetDependency */ = {
			isa = PBXTargetDependency;
			target = 6EFE059FF7E365DABE8FEEA5 /* Keepo */;
			targetProxy = 0AE63279D9A5001A558D6502 /* PBXContainerItemProxy */;
		};
/* End PBXTargetDependency section */

/* Begin XCBuildConfiguration section */
		0C100EA4202FF6CF2EBF2FA1 /* Debug */ = {
			isa = XCBuildConfiguration;
			buildSettings = {
				ALWAYS_SEARCH_USER_PATHS = NO;
				CLANG_ANALYZER_NONNULL = YES;
				CLANG_ANALYZER_NUMBER_OBJECT_CONVERSION = YES_AGGRESSIVE;
				CLANG_CXX_LANGUAGE_STANDARD = "gnu++14";
				CLANG_CXX_LIBRARY = "libc++";
				CLANG_ENABLE_MODULES = YES;
				CLANG_ENABLE_OBJC_ARC = YES;
				CLANG_ENABLE_OBJC_WEAK = YES;
				CLANG_WARN_BLOCK_CAPTURE_AUTORELEASING = YES;
				CLANG_WARN_BOOL_CONVERSION = YES;
				CLANG_WARN_COMMA = YES;
				CLANG_WARN_CONSTANT_CONVERSION = YES;
				CLANG_WARN_DEPRECATED_OBJC_IMPLEMENTATIONS = YES;
				CLANG_WARN_DIRECT_OBJC_ISA_USAGE = YES_ERROR;
				CLANG_WARN_DOCUMENTATION_COMMENTS = YES;
				CLANG_WARN_EMPTY_BODY = YES;
				CLANG_WARN_ENUM_CONVERSION = YES;
				CLANG_WARN_INFINITE_RECURSION = YES;
				CLANG_WARN_INT_CONVERSION = YES;
				CLANG_WARN_NON_LITERAL_NULL_CONVERSION = YES;
				CLANG_WARN_OBJC_IMPLICIT_RETAIN_SELF = YES;
				CLANG_WARN_OBJC_LITERAL_CONVERSION = YES;
				CLANG_WARN_OBJC_ROOT_CLASS = YES_ERROR;
				CLANG_WARN_QUOTED_INCLUDE_IN_FRAMEWORK_HEADER = YES;
				CLANG_WARN_RANGE_LOOP_ANALYSIS = YES;
				CLANG_WARN_STRICT_PROTOTYPES = YES;
				CLANG_WARN_SUSPICIOUS_MOVE = YES;
				CLANG_WARN_UNGUARDED_AVAILABILITY = YES_AGGRESSIVE;
				CLANG_WARN_UNREACHABLE_CODE = YES;
				CLANG_WARN__DUPLICATE_METHOD_MATCH = YES;
				COPY_PHASE_STRIP = NO;
				DEBUG_INFORMATION_FORMAT = dwarf;
				ENABLE_STRICT_OBJC_MSGSEND = YES;
				ENABLE_TESTABILITY = YES;
				GCC_C_LANGUAGE_STANDARD = gnu11;
				GCC_DYNAMIC_NO_PIC = NO;
				GCC_NO_COMMON_BLOCKS = YES;
				GCC_OPTIMIZATION_LEVEL = 0;
				GCC_PREPROCESSOR_DEFINITIONS = (
					"$(inherited)",
					"DEBUG=1",
				);
				GCC_WARN_64_TO_32_BIT_CONVERSION = YES;
				GCC_WARN_ABOUT_RETURN_TYPE = YES_ERROR;
				GCC_WARN_UNDECLARED_SELECTOR = YES;
				GCC_WARN_UNINITIALIZED_AUTOS = YES_AGGRESSIVE;
				GCC_WARN_UNUSED_FUNCTION = YES;
				GCC_WARN_UNUSED_VARIABLE = YES;
				IPHONEOS_DEPLOYMENT_TARGET = 18.0;
				MTL_ENABLE_DEBUG_INFO = INCLUDE_SOURCE;
				MTL_FAST_MATH = YES;
				ONLY_ACTIVE_ARCH = YES;
				PRODUCT_NAME = "$(TARGET_NAME)";
				SDKROOT = iphoneos;
				SWIFT_ACTIVE_COMPILATION_CONDITIONS = DEBUG;
				SWIFT_OPTIMIZATION_LEVEL = "-Onone";
				SWIFT_VERSION = 6.0;
			};
			name = Debug;
		};
		2488C221E8BD5E1EA35CD134 /* Release */ = {
			isa = XCBuildConfiguration;
			buildSettings = {
				ALWAYS_SEARCH_USER_PATHS = NO;
				CLANG_ANALYZER_NONNULL = YES;
				CLANG_ANALYZER_NUMBER_OBJECT_CONVERSION = YES_AGGRESSIVE;
				CLANG_CXX_LANGUAGE_STANDARD = "gnu++14";
				CLANG_CXX_LIBRARY = "libc++";
				CLANG_ENABLE_MODULES = YES;
				CLANG_ENABLE_OBJC_ARC = YES;
				CLANG_ENABLE_OBJC_WEAK = YES;
				CLANG_WARN_BLOCK_CAPTURE_AUTORELEASING = YES;
				CLANG_WARN_BOOL_CONVERSION = YES;
				CLANG_WARN_COMMA = YES;
				CLANG_WARN_CONSTANT_CONVERSION = YES;
				CLANG_WARN_DEPRECATED_OBJC_IMPLEMENTATIONS = YES;
				CLANG_WARN_DIRECT_OBJC_ISA_USAGE = YES_ERROR;
				CLANG_WARN_DOCUMENTATION_COMMENTS = YES;
				CLANG_WARN_EMPTY_BODY = YES;
				CLANG_WARN_ENUM_CONVERSION = YES;
				CLANG_WARN_INFINITE_RECURSION = YES;
				CLANG_WARN_INT_CONVERSION = YES;
				CLANG_WARN_NON_LITERAL_NULL_CONVERSION = YES;
				CLANG_WARN_OBJC_IMPLICIT_RETAIN_SELF = YES;
				CLANG_WARN_OBJC_LITERAL_CONVERSION = YES;
				CLANG_WARN_OBJC_ROOT_CLASS = YES_ERROR;
				CLANG_WARN_QUOTED_INCLUDE_IN_FRAMEWORK_HEADER = YES;
				CLANG_WARN_RANGE_LOOP_ANALYSIS = YES;
				CLANG_WARN_STRICT_PROTOTYPES = YES;
				CLANG_WARN_SUSPICIOUS_MOVE = YES;
				CLANG_WARN_UNGUARDED_AVAILABILITY = YES_AGGRESSIVE;
				CLANG_WARN_UNREACHABLE_CODE = YES;
				CLANG_WARN__DUPLICATE_METHOD_MATCH = YES;
				COPY_PHASE_STRIP = NO;
				DEBUG_INFORMATION_FORMAT = "dwarf-with-dsym";
				ENABLE_NS_ASSERTIONS = NO;
				ENABLE_STRICT_OBJC_MSGSEND = YES;
				GCC_C_LANGUAGE_STANDARD = gnu11;
				GCC_NO_COMMON_BLOCKS = YES;
				GCC_WARN_64_TO_32_BIT_CONVERSION = YES;
				GCC_WARN_ABOUT_RETURN_TYPE = YES_ERROR;
				GCC_WARN_UNDECLARED_SELECTOR = YES;
				GCC_WARN_UNINITIALIZED_AUTOS = YES_AGGRESSIVE;
				GCC_WARN_UNUSED_FUNCTION = YES;
				GCC_WARN_UNUSED_VARIABLE = YES;
				IPHONEOS_DEPLOYMENT_TARGET = 18.0;
				MTL_ENABLE_DEBUG_INFO = NO;
				MTL_FAST_MATH = YES;
				PRODUCT_NAME = "$(TARGET_NAME)";
				SDKROOT = iphoneos;
				SWIFT_COMPILATION_MODE = wholemodule;
				SWIFT_OPTIMIZATION_LEVEL = "-O";
				SWIFT_VERSION = 6.0;
			};
			name = Release;
		};
		625C9BA0D441A36552A73E2C /* Release */ = {
			isa = XCBuildConfiguration;
			baseConfigurationReference = D3CD02450207FB6B2E822D2F /* Release.xcconfig */;
			buildSettings = {
				ASSETCATALOG_COMPILER_APPICON_NAME = AppIcon;
				CODE_SIGN_ENTITLEMENTS = App/Keepo.entitlements;
				CODE_SIGN_IDENTITY = "iPhone Developer";
				CURRENT_PROJECT_VERSION = 1;
				DEVELOPMENT_TEAM = K46X3FA9HH;
				GENERATE_INFOPLIST_FILE = YES;
				INFOPLIST_FILE = App/Info.plist;
				INFOPLIST_KEY_CFBundleDisplayName = Keepo;
				INFOPLIST_KEY_UILaunchScreen_Generation = YES;
				LD_RUNPATH_SEARCH_PATHS = (
					"$(inherited)",
					"@executable_path/Frameworks",
				);
				MARKETING_VERSION = 0.1.0;
				PRODUCT_BUNDLE_IDENTIFIER = com.manuogm.keepo;
				PRODUCT_NAME = Keepo;
				SDKROOT = iphoneos;
				TARGETED_DEVICE_FAMILY = "1,2";
			};
			name = Release;
		};
		6BE6EFDF08158F9F92FBBB0F /* Debug */ = {
			isa = XCBuildConfiguration;
			buildSettings = {
				BUNDLE_LOADER = "$(TEST_HOST)";
				GENERATE_INFOPLIST_FILE = YES;
				LD_RUNPATH_SEARCH_PATHS = (
					"$(inherited)",
					"@executable_path/Frameworks",
					"@loader_path/Frameworks",
				);
				PRODUCT_BUNDLE_IDENTIFIER = com.manuogm.KeepoUITests;
				SDKROOT = iphoneos;
				TARGETED_DEVICE_FAMILY = "1,2";
				TEST_TARGET_NAME = Keepo;
			};
			name = Debug;
		};
		7E2A4718570DBCDD443A894F /* Debug */ = {
			isa = XCBuildConfiguration;
			baseConfigurationReference = 4BB58A8214ECD93F7BA2BFA3 /* Debug.xcconfig */;
			buildSettings = {
				ASSETCATALOG_COMPILER_APPICON_NAME = AppIcon;
				CODE_SIGN_ENTITLEMENTS = App/Keepo.entitlements;
				CODE_SIGN_IDENTITY = "iPhone Developer";
				CURRENT_PROJECT_VERSION = 1;
				DEVELOPMENT_TEAM = K46X3FA9HH;
				GENERATE_INFOPLIST_FILE = YES;
				INFOPLIST_FILE = App/Info.plist;
				INFOPLIST_KEY_CFBundleDisplayName = Keepo;
				INFOPLIST_KEY_UILaunchScreen_Generation = YES;
				LD_RUNPATH_SEARCH_PATHS = (
					"$(inherited)",
					"@executable_path/Frameworks",
				);
				MARKETING_VERSION = 0.1.0;
				PRODUCT_BUNDLE_IDENTIFIER = com.manuogm.keepo;
				PRODUCT_NAME = Keepo;
				SDKROOT = iphoneos;
				TARGETED_DEVICE_FAMILY = "1,2";
			};
			name = Debug;
		};
		B514AE30B48CC5159D5591DB /* Release */ = {
			isa = XCBuildConfiguration;
			buildSettings = {
				BUNDLE_LOADER = "$(TEST_HOST)";
				GENERATE_INFOPLIST_FILE = YES;
				LD_RUNPATH_SEARCH_PATHS = (
					"$(inherited)",
					"@executable_path/Frameworks",
					"@loader_path/Frameworks",
				);
				PRODUCT_BUNDLE_IDENTIFIER = com.manuogm.KeepoUITests;
				SDKROOT = iphoneos;
				TARGETED_DEVICE_FAMILY = "1,2";
				TEST_TARGET_NAME = Keepo;
			};
			name = Release;
		};
		B9ADF78398B060BE1BDF47ED /* Debug */ = {
			isa = XCBuildConfiguration;
			buildSettings = {
				BUNDLE_LOADER = "$(TEST_HOST)";
				GENERATE_INFOPLIST_FILE = YES;
				LD_RUNPATH_SEARCH_PATHS = (
					"$(inherited)",
					"@executable_path/Frameworks",
					"@loader_path/Frameworks",
				);
				PRODUCT_BUNDLE_IDENTIFIER = com.manuogm.KeepoTests;
				SDKROOT = iphoneos;
				TARGETED_DEVICE_FAMILY = "1,2";
				TEST_HOST = "$(BUILT_PRODUCTS_DIR)/Keepo.app/Keepo";
			};
			name = Debug;
		};
		FE9D5933A6D34AED97928E27 /* Release */ = {
			isa = XCBuildConfiguration;
			buildSettings = {
				BUNDLE_LOADER = "$(TEST_HOST)";
				GENERATE_INFOPLIST_FILE = YES;
				LD_RUNPATH_SEARCH_PATHS = (
					"$(inherited)",
					"@executable_path/Frameworks",
					"@loader_path/Frameworks",
				);
				PRODUCT_BUNDLE_IDENTIFIER = com.manuogm.KeepoTests;
				SDKROOT = iphoneos;
				TARGETED_DEVICE_FAMILY = "1,2";
				TEST_HOST = "$(BUILT_PRODUCTS_DIR)/Keepo.app/Keepo";
			};
			name = Release;
		};
/* End XCBuildConfiguration section */

/* Begin XCConfigurationList section */
		14F329C12BE11BC28BAE3CDA /* Build configuration list for PBXNativeTarget "Keepo" */ = {
			isa = XCConfigurationList;
			buildConfigurations = (
				7E2A4718570DBCDD443A894F /* Debug */,
				625C9BA0D441A36552A73E2C /* Release */,
			);
			defaultConfigurationIsVisible = 0;
			defaultConfigurationName = Debug;
		};
		3C667AB24BFF3B1F2F28D042 /* Build configuration list for PBXNativeTarget "KeepoUITests" */ = {
			isa = XCConfigurationList;
			buildConfigurations = (
				6BE6EFDF08158F9F92FBBB0F /* Debug */,
				B514AE30B48CC5159D5591DB /* Release */,
			);
			defaultConfigurationIsVisible = 0;
			defaultConfigurationName = Debug;
		};
		AA573AD0EC89FF67D5981DE8 /* Build configuration list for PBXProject "Keepo" */ = {
			isa = XCConfigurationList;
			buildConfigurations = (
				0C100EA4202FF6CF2EBF2FA1 /* Debug */,
				2488C221E8BD5E1EA35CD134 /* Release */,
			);
			defaultConfigurationIsVisible = 0;
			defaultConfigurationName = Debug;
		};
		C516736D0445EA288479C3D1 /* Build configuration list for PBXNativeTarget "KeepoTests" */ = {
			isa = XCConfigurationList;
			buildConfigurations = (
				B9ADF78398B060BE1BDF47ED /* Debug */,
				FE9D5933A6D34AED97928E27 /* Release */,
			);
			defaultConfigurationIsVisible = 0;
			defaultConfigurationName = Debug;
		};
/* End XCConfigurationList section */

/* Begin XCLocalSwiftPackageReference section */
		ADEF292666A264221272220B /* XCLocalSwiftPackageReference "Packages/KeepoCore" */ = {
			isa = XCLocalSwiftPackageReference;
			relativePath = Packages/KeepoCore;
		};
/* End XCLocalSwiftPackageReference section */

/* Begin XCRemoteSwiftPackageReference section */
		CBCFA5AABD4A70D29593302B /* XCRemoteSwiftPackageReference "GRDB" */ = {
			isa = XCRemoteSwiftPackageReference;
			repositoryURL = "https://github.com/groue/GRDB.swift";
			requirement = {
				kind = upToNextMajorVersion;
				minimumVersion = 7.0.0;
			};
		};
/* End XCRemoteSwiftPackageReference section */

/* Begin XCSwiftPackageProductDependency section */
		0D525863FB5ABAE4C22CDAE5 /* GRDB */ = {
			isa = XCSwiftPackageProductDependency;
			package = CBCFA5AABD4A70D29593302B /* XCRemoteSwiftPackageReference "GRDB" */;
			productName = GRDB;
		};
		55A520844CB1127366801CB8 /* KeepoCore */ = {
			isa = XCSwiftPackageProductDependency;
			productName = KeepoCore;
		};
		6CF67C6B40F5CAB317C7F6FC /* GRDB */ = {
			isa = XCSwiftPackageProductDependency;
			package = CBCFA5AABD4A70D29593302B /* XCRemoteSwiftPackageReference "GRDB" */;
			productName = GRDB;
		};
/* End XCSwiftPackageProductDependency section */
	};
	rootObject = 80DD05CAC2B13911A7A230B6 /* Project object */;
}
